
Microsoft Visual Studio Solution File, Format Version 12.00
# Visual Studio Version 17
VisualStudioVersion = 17.11.35312.102
MinimumVisualStudioVersion = 10.0.40219.1
Project("{9A19103F-16F7-4668-BE54-9A1E7A4F7556}") = "CENTRO_SALUD_PATZICIA", "CENTRO_SALUD_PATZICIA.csproj", "{7911D8B1-3DB2-4146-97A8-DEEF1622C169}"
EndProject
Global
	GlobalSection(SolutionConfigurationPlatforms) = preSolution
		Debug|Any CPU = Debug|Any CPU
		Release|Any CPU = Release|Any CPU
	EndGlobalSection
	GlobalSection(ProjectConfigurationPlatforms) = postSolution
		{7911D8B1-3DB2-4146-97A8-DEEF1622C169}.Debug|Any CPU.ActiveCfg = Debug|Any CPU
		{7911D8B1-3DB2-4146-97A8-DEEF1622C169}.Debug|Any CPU.Build.0 = Debug|Any CPU
		{7911D8B1-3DB2-4146-97A8-DEEF1622C169}.Release|Any CPU.ActiveCfg = Release|Any CPU
		{7911D8B1-3DB2-4146-97A8-DEEF1622C169}.Release|Any CPU.Build.0 = Release|Any CPU
	EndGlobalSection
	GlobalSection(SolutionProperties) = preSolution
		HideSolutionNode = FALSE
	EndGlobalSection
	GlobalSection(ExtensibilityGlobals) = postSolution
		SolutionGuid = {530363A7-E1A9-4802-9668-5E119154895C}
	EndGlobalSection
EndGlobal
